
Microsoft Visual Studio Solution File, Format Version 12.00
# Visual Studio Version 16
VisualStudioVersion = 16.0.30503.244
MinimumVisualStudioVersion = 10.0.40219.1
Project("{FAE04EC0-301F-11D3-BF4B-00C04F79EFBC}") = "Forest", "Forest\Forest.csproj", "{98190E42-006B-49A5-9C7A-CEB04AA739BE}"
EndProject
Global
	GlobalSection(SolutionConfigurationPlatforms) = preSolution
		Debug|Any CPU = Debug|Any CPU
		Release|Any CPU = Release|Any CPU
	EndGlobalSection
	GlobalSection(ProjectConfigurationPlatforms) = postSolution
		{98190E42-006B-49A5-9C7A-CEB04AA739BE}.Debug|Any CPU.ActiveCfg = Debug|Any CPU
		{98190E42-006B-49A5-9C7A-CEB04AA739BE}.Debug|Any CPU.Build.0 = Debug|Any CPU
		{98190E42-006B-49A5-9C7A-CEB04AA739BE}.Release|Any CPU.ActiveCfg = Release|Any CPU
		{98190E42-006B-49A5-9C7A-CEB04AA739BE}.Release|Any CPU.Build.0 = Release|Any CPU
	EndGlobalSection
	GlobalSection(SolutionProperties) = preSolution
		HideSolutionNode = FALSE
	EndGlobalSection
	GlobalSection(ExtensibilityGlobals) = postSolution
		SolutionGuid = {463CD24F-C5F3-4AAC-8BD2-93D10E250E6B}
	EndGlobalSection
EndGlobal
